
Microsoft Visual Studio Solution File, Format Version 12.00
# Visual Studio Version 16
VisualStudioVersion = 16.0.29709.97
MinimumVisualStudioVersion = 10.0.40219.1
Project("{FAE04EC0-301F-11D3-BF4B-00C04F79EFBC}") = "Lab_5", "Lab_5.csproj", "{EE3311DC-9B9B-4D9D-89E7-A057E3929A99}"
EndProject
Global
	GlobalSection(SolutionConfigurationPlatforms) = preSolution
		Debug|Any CPU = Debug|Any CPU
		Release|Any CPU = Release|Any CPU
	EndGlobalSection
	GlobalSection(ProjectConfigurationPlatforms) = postSolution
		{EE3311DC-9B9B-4D9D-89E7-A057E3929A99}.Debug|Any CPU.ActiveCfg = Debug|Any CPU
		{EE3311DC-9B9B-4D9D-89E7-A057E3929A99}.Debug|Any CPU.Build.0 = Debug|Any CPU
		{EE3311DC-9B9B-4D9D-89E7-A057E3929A99}.Release|Any CPU.ActiveCfg = Release|Any CPU
		{EE3311DC-9B9B-4D9D-89E7-A057E3929A99}.Release|Any CPU.Build.0 = Release|Any CPU
	EndGlobalSection
	GlobalSection(SolutionProperties) = preSolution
		HideSolutionNode = FALSE
	EndGlobalSection
	GlobalSection(ExtensibilityGlobals) = postSolution
		SolutionGuid = {ABA26A20-D349-437A-8A47-22ED713BC312}
	EndGlobalSection
EndGlobal
